// !$*UTF8*$!
{
	archiveVersion = 1;
	classes = {
	};
	objectVersion = 56;
	objects = {

/* Begin PBXBuildFile section */
		296694612B3DAD1C00FA6E49 /* TransferMeApp.swift in Sources */ = {isa = PBXBuildFile; fileRef = 296694602B3DAD1C00FA6E49 /* TransferMeApp.swift */; };
		296694632B3DAD1C00FA6E49 /* ContentView.swift in Sources */ = {isa = PBXBuildFile; fileRef = 296694622B3DAD1C00FA6E49 /* ContentView.swift */; };
		296694652B3DAD1D00FA6E49 /* Assets.xcassets in Resources */ = {isa = PBXBuildFile; fileRef = 296694642B3DAD1D00FA6E49 /* Assets.xcassets */; };
		296694692B3DAD1D00FA6E49 /* Preview Assets.xcassets in Resources */ = {isa = PBXBuildFile; fileRef = 296694682B3DAD1D00FA6E49 /* Preview Assets.xcassets */; };
		296694732B3DAD9F00FA6E49 /* SplashScreen.swift in Sources */ = {isa = PBXBuildFile; fileRef = 296694722B3DAD9F00FA6E49 /* SplashScreen.swift */; };
		296694762B3DB0A200FA6E49 /* HomeScreen.swift in Sources */ = {isa = PBXBuildFile; fileRef = 296694752B3DB0A200FA6E49 /* HomeScreen.swift */; };
		2966947A2B3DBE2E00FA6E49 /* OnBoardingScreen.swift in Sources */ = {isa = PBXBuildFile; fileRef = 296694792B3DBE2E00FA6E49 /* OnBoardingScreen.swift */; };
		2966947D2B3DC0BB00FA6E49 /* CustomExtension.swift in Sources */ = {isa = PBXBuildFile; fileRef = 2966947C2B3DC0BB00FA6E49 /* CustomExtension.swift */; };
		296694802B3DD01F00FA6E49 /* OnBoard.swift in Sources */ = {isa = PBXBuildFile; fileRef = 2966947F2B3DD01F00FA6E49 /* OnBoard.swift */; };
		29E429A32B3ED66100D5D6E7 /* LoginScreen.swift in Sources */ = {isa = PBXBuildFile; fileRef = 29E429A22B3ED66100D5D6E7 /* LoginScreen.swift */; };
		29E429A62B3ED6E100D5D6E7 /* PrimaryButton.swift in Sources */ = {isa = PBXBuildFile; fileRef = 29E429A52B3ED6E100D5D6E7 /* PrimaryButton.swift */; };
		29E429A92B3ED96800D5D6E7 /* UnderlinedTextField.swift in Sources */ = {isa = PBXBuildFile; fileRef = 29E429A82B3ED96800D5D6E7 /* UnderlinedTextField.swift */; };
		29E429AB2B3EF1BE00D5D6E7 /* SignUpScreen.swift in Sources */ = {isa = PBXBuildFile; fileRef = 29E429AA2B3EF1BE00D5D6E7 /* SignUpScreen.swift */; };
/* End PBXBuildFile section */

/* Begin PBXFileReference section */
		2966945D2B3DAD1C00FA6E49 /* TransferMe.app */ = {isa = PBXFileReference; explicitFileType = wrapper.application; includeInIndex = 0; path = TransferMe.app; sourceTree = BUILT_PRODUCTS_DIR; };
		296694602B3DAD1C00FA6E49 /* TransferMeApp.swift */ = {isa = PBXFileReference; lastKnownFileType = sourcecode.swift; path = TransferMeApp.swift; sourceTree = "<group>"; };
		296694622B3DAD1C00FA6E49 /* ContentView.swift */ = {isa = PBXFileReference; lastKnownFileType = sourcecode.swift; path = ContentView.swift; sourceTree = "<group>"; };
		296694642B3DAD1D00FA6E49 /* Assets.xcassets */ = {isa = PBXFileReference; lastKnownFileType = folder.assetcatalog; path = Assets.xcassets; sourceTree = "<group>"; };
		296694662B3DAD1D00FA6E49 /* TransferMe.entitlements */ = {isa = PBXFileReference; lastKnownFileType = text.plist.entitlements; path = TransferMe.entitlements; sourceTree = "<group>"; };
		296694682B3DAD1D00FA6E49 /* Preview Assets.xcassets */ = {isa = PBXFileReference; lastKnownFileType = folder.assetcatalog; path = "Preview Assets.xcassets"; sourceTree = "<group>"; };
		296694722B3DAD9F00FA6E49 /* SplashScreen.swift */ = {isa = PBXFileReference; lastKnownFileType = sourcecode.swift; path = SplashScreen.swift; sourceTree = "<group>"; };
		296694752B3DB0A200FA6E49 /* HomeScreen.swift */ = {isa = PBXFileReference; lastKnownFileType = sourcecode.swift; path = HomeScreen.swift; sourceTree = "<group>"; };
		296694792B3DBE2E00FA6E49 /* OnBoardingScreen.swift */ = {isa = PBXFileReference; lastKnownFileType = sourcecode.swift; path = OnBoardingScreen.swift; sourceTree = "<group>"; };
		2966947C2B3DC0BB00FA6E49 /* CustomExtension.swift */ = {isa = PBXFileReference; lastKnownFileType = sourcecode.swift; path = CustomExtension.swift; sourceTree = "<group>"; };
		2966947F2B3DD01F00FA6E49 /* OnBoard.swift */ = {isa = PBXFileReference; lastKnownFileType = sourcecode.swift; path = OnBoard.swift; sourceTree = "<group>"; };
		29E429A22B3ED66100D5D6E7 /* LoginScreen.swift */ = {isa = PBXFileReference; lastKnownFileType = sourcecode.swift; path = LoginScreen.swift; sourceTree = "<group>"; };
		29E429A52B3ED6E100D5D6E7 /* PrimaryButton.swift */ = {isa = PBXFileReference; lastKnownFileType = sourcecode.swift; path = PrimaryButton.swift; sourceTree = "<group>"; };
		29E429A82B3ED96800D5D6E7 /* UnderlinedTextField.swift */ = {isa = PBXFileReference; lastKnownFileType = sourcecode.swift; path = UnderlinedTextField.swift; sourceTree = "<group>"; };
		29E429AA2B3EF1BE00D5D6E7 /* SignUpScreen.swift */ = {isa = PBXFileReference; lastKnownFileType = sourcecode.swift; path = SignUpScreen.swift; sourceTree = "<group>"; };
/* End PBXFileReference section */

/* Begin PBXFrameworksBuildPhase section */
		2966945A2B3DAD1C00FA6E49 /* Frameworks */ = {
			isa = PBXFrameworksBuildPhase;
			buildActionMask = 2147483647;
			files = (
			);
			runOnlyForDeploymentPostprocessing = 0;
		};
/* End PBXFrameworksBuildPhase section */

/* Begin PBXGroup section */
		296694542B3DAD1C00FA6E49 = {
			isa = PBXGroup;
			children = (
				2966945F2B3DAD1C00FA6E49 /* TransferMe */,
				2966945E2B3DAD1C00FA6E49 /* Products */,
			);
			sourceTree = "<group>";
		};
		2966945E2B3DAD1C00FA6E49 /* Products */ = {
			isa = PBXGroup;
			children = (
				2966945D2B3DAD1C00FA6E49 /* TransferMe.app */,
			);
			name = Products;
			sourceTree = "<group>";
		};
		2966945F2B3DAD1C00FA6E49 /* TransferMe */ = {
			isa = PBXGroup;
			children = (
				2966947B2B3DC0A500FA6E49 /* Core */,
				296694772B3DBCD900FA6E49 /* Features */,
				296694602B3DAD1C00FA6E49 /* TransferMeApp.swift */,
				296694622B3DAD1C00FA6E49 /* ContentView.swift */,
				296694642B3DAD1D00FA6E49 /* Assets.xcassets */,
				296694662B3DAD1D00FA6E49 /* TransferMe.entitlements */,
				296694672B3DAD1D00FA6E49 /* Preview Content */,
			);
			path = TransferMe;
			sourceTree = "<group>";
		};
		296694672B3DAD1D00FA6E49 /* Preview Content */ = {
			isa = PBXGroup;
			children = (
				296694682B3DAD1D00FA6E49 /* Preview Assets.xcassets */,
			);
			path = "Preview Content";
			sourceTree = "<group>";
		};
		2966946F2B3DAD5F00FA6E49 /* SplashScreen */ = {
			isa = PBXGroup;
			children = (
				296694722B3DAD9F00FA6E49 /* SplashScreen.swift */,
			);
			path = SplashScreen;
			sourceTree = "<group>";
		};
		296694742B3DB08E00FA6E49 /* Home */ = {
			isa = PBXGroup;
			children = (
				296694752B3DB0A200FA6E49 /* HomeScreen.swift */,
			);
			path = Home;
			sourceTree = "<group>";
		};
		296694772B3DBCD900FA6E49 /* Features */ = {
			isa = PBXGroup;
			children = (
				29E429A12B3ED65000D5D6E7 /* Authentication */,
				296694782B3DBE1F00FA6E49 /* OnBoarding */,
				296694742B3DB08E00FA6E49 /* Home */,
				2966946F2B3DAD5F00FA6E49 /* SplashScreen */,
			);
			path = Features;
			sourceTree = "<group>";
		};
		296694782B3DBE1F00FA6E49 /* OnBoarding */ = {
			isa = PBXGroup;
			children = (
				2966947E2B3DD00D00FA6E49 /* models */,
				296694792B3DBE2E00FA6E49 /* OnBoardingScreen.swift */,
			);
			path = OnBoarding;
			sourceTree = "<group>";
		};
		2966947B2B3DC0A500FA6E49 /* Core */ = {
			isa = PBXGroup;
			children = (
				29E429A72B3ED95500D5D6E7 /* extensions */,
				29E429A42B3ED6CD00D5D6E7 /* Widgets */,
			);
			path = Core;
			sourceTree = "<group>";
		};
		2966947E2B3DD00D00FA6E49 /* models */ = {
			isa = PBXGroup;
			children = (
				2966947F2B3DD01F00FA6E49 /* OnBoard.swift */,
			);
			path = models;
			sourceTree = "<group>";
		};
		29E429A12B3ED65000D5D6E7 /* Authentication */ = {
			isa = PBXGroup;
			children = (
				29E429A22B3ED66100D5D6E7 /* LoginScreen.swift */,
				29E429AA2B3EF1BE00D5D6E7 /* SignUpScreen.swift */,
			);
			path = Authentication;
			sourceTree = "<group>";
		};
		29E429A42B3ED6CD00D5D6E7 /* Widgets */ = {
			isa = PBXGroup;
			children = (
				29E429A52B3ED6E100D5D6E7 /* PrimaryButton.swift */,
				29E429A82B3ED96800D5D6E7 /* UnderlinedTextField.swift */,
			);
			path = Widgets;
			sourceTree = "<group>";
		};
		29E429A72B3ED95500D5D6E7 /* extensions */ = {
			isa = PBXGroup;
			children = (
				2966947C2B3DC0BB00FA6E49 /* CustomExtension.swift */,
			);
			path = extensions;
			sourceTree = "<group>";
		};
/* End PBXGroup section */

/* Begin PBXNativeTarget section */
		2966945C2B3DAD1C00FA6E49 /* TransferMe */ = {
			isa = PBXNativeTarget;
			buildConfigurationList = 2966946C2B3DAD1D00FA6E49 /* Build configuration list for PBXNativeTarget "TransferMe" */;
			buildPhases = (
				296694592B3DAD1C00FA6E49 /* Sources */,
				2966945A2B3DAD1C00FA6E49 /* Frameworks */,
				2966945B2B3DAD1C00FA6E49 /* Resources */,
			);
			buildRules = (
			);
			dependencies = (
			);
			name = TransferMe;
			productName = TransferMe;
			productReference = 2966945D2B3DAD1C00FA6E49 /* TransferMe.app */;
			productType = "com.apple.product-type.application";
		};
/* End PBXNativeTarget section */

/* Begin PBXProject section */
		296694552B3DAD1C00FA6E49 /* Project object */ = {
			isa = PBXProject;
			attributes = {
				BuildIndependentTargetsInParallel = 1;
				LastSwiftUpdateCheck = 1500;
				LastUpgradeCheck = 1500;
				TargetAttributes = {
					2966945C2B3DAD1C00FA6E49 = {
						CreatedOnToolsVersion = 15.0;
					};
				};
			};
			buildConfigurationList = 296694582B3DAD1C00FA6E49 /* Build configuration list for PBXProject "TransferMe" */;
			compatibilityVersion = "Xcode 14.0";
			developmentRegion = en;
			hasScannedForEncodings = 0;
			knownRegions = (
				en,
				Base,
			);
			mainGroup = 296694542B3DAD1C00FA6E49;
			productRefGroup = 2966945E2B3DAD1C00FA6E49 /* Products */;
			projectDirPath = "";
			projectRoot = "";
			targets = (
				2966945C2B3DAD1C00FA6E49 /* TransferMe */,
			);
		};
/* End PBXProject section */

/* Begin PBXResourcesBuildPhase section */
		2966945B2B3DAD1C00FA6E49 /* Resources */ = {
			isa = PBXResourcesBuildPhase;
			buildActionMask = 2147483647;
			files = (
				296694692B3DAD1D00FA6E49 /* Preview Assets.xcassets in Resources */,
				296694652B3DAD1D00FA6E49 /* Assets.xcassets in Resources */,
			);
			runOnlyForDeploymentPostprocessing = 0;
		};
/* End PBXResourcesBuildPhase section */

/* Begin PBXSourcesBuildPhase section */
		296694592B3DAD1C00FA6E49 /* Sources */ = {
			isa = PBXSourcesBuildPhase;
			buildActionMask = 2147483647;
			files = (
				2966947D2B3DC0BB00FA6E49 /* CustomExtension.swift in Sources */,
				296694762B3DB0A200FA6E49 /* HomeScreen.swift in Sources */,
				29E429AB2B3EF1BE00D5D6E7 /* SignUpScreen.swift in Sources */,
				29E429A62B3ED6E100D5D6E7 /* PrimaryButton.swift in Sources */,
				296694732B3DAD9F00FA6E49 /* SplashScreen.swift in Sources */,
				296694632B3DAD1C00FA6E49 /* ContentView.swift in Sources */,
				29E429A92B3ED96800D5D6E7 /* UnderlinedTextField.swift in Sources */,
				296694612B3DAD1C00FA6E49 /* TransferMeApp.swift in Sources */,
				29E429A32B3ED66100D5D6E7 /* LoginScreen.swift in Sources */,
				2966947A2B3DBE2E00FA6E49 /* OnBoardingScreen.swift in Sources */,
				296694802B3DD01F00FA6E49 /* OnBoard.swift in Sources */,
			);
			runOnlyForDeploymentPostprocessing = 0;
		};
/* End PBXSourcesBuildPhase section */

/* Begin XCBuildConfiguration section */
		2966946A2B3DAD1D00FA6E49 /* Debug */ = {
			isa = XCBuildConfiguration;
			buildSettings = {
				ALWAYS_SEARCH_USER_PATHS = NO;
				ASSETCATALOG_COMPILER_GENERATE_SWIFT_ASSET_SYMBOL_EXTENSIONS = YES;
				CLANG_ANALYZER_NONNULL = YES;
				CLANG_ANALYZER_NUMBER_OBJECT_CONVERSION = YES_AGGRESSIVE;
				CLANG_CXX_LANGUAGE_STANDARD = "gnu++20";
				CLANG_ENABLE_MODULES = YES;
				CLANG_ENABLE_OBJC_ARC = YES;
				CLANG_ENABLE_OBJC_WEAK = YES;
				CLANG_WARN_BLOCK_CAPTURE_AUTORELEASING = YES;
				CLANG_WARN_BOOL_CONVERSION = YES;
				CLANG_WARN_COMMA = YES;
				CLANG_WARN_CONSTANT_CONVERSION = YES;
				CLANG_WARN_DEPRECATED_OBJC_IMPLEMENTATIONS = YES;
				CLANG_WARN_DIRECT_OBJC_ISA_USAGE = YES_ERROR;
				CLANG_WARN_DOCUMENTATION_COMMENTS = YES;
				CLANG_WARN_EMPTY_BODY = YES;
				CLANG_WARN_ENUM_CONVERSION = YES;
				CLANG_WARN_INFINITE_RECURSION = YES;
				CLANG_WARN_INT_CONVERSION = YES;
				CLANG_WARN_NON_LITERAL_NULL_CONVERSION = YES;
				CLANG_WARN_OBJC_IMPLICIT_RETAIN_SELF = YES;
				CLANG_WARN_OBJC_LITERAL_CONVERSION = YES;
				CLANG_WARN_OBJC_ROOT_CLASS = YES_ERROR;
				CLANG_WARN_QUOTED_INCLUDE_IN_FRAMEWORK_HEADER = YES;
				CLANG_WARN_RANGE_LOOP_ANALYSIS = YES;
				CLANG_WARN_STRICT_PROTOTYPES = YES;
				CLANG_WARN_SUSPICIOUS_MOVE = YES;
				CLANG_WARN_UNGUARDED_AVAILABILITY = YES_AGGRESSIVE;
				CLANG_WARN_UNREACHABLE_CODE = YES;
				CLANG_WARN__DUPLICATE_METHOD_MATCH = YES;
				COPY_PHASE_STRIP = NO;
				DEBUG_INFORMATION_FORMAT = dwarf;
				ENABLE_STRICT_OBJC_MSGSEND = YES;
				ENABLE_TESTABILITY = YES;
				ENABLE_USER_SCRIPT_SANDBOXING = YES;
				GCC_C_LANGUAGE_STANDARD = gnu17;
				GCC_DYNAMIC_NO_PIC = NO;
				GCC_NO_COMMON_BLOCKS = YES;
				GCC_OPTIMIZATION_LEVEL = 0;
				GCC_PREPROCESSOR_DEFINITIONS = (
					"DEBUG=1",
					"$(inherited)",
				);
				GCC_WARN_64_TO_32_BIT_CONVERSION = YES;
				GCC_WARN_ABOUT_RETURN_TYPE = YES_ERROR;
				GCC_WARN_UNDECLARED_SELECTOR = YES;
				GCC_WARN_UNINITIALIZED_AUTOS = YES_AGGRESSIVE;
				GCC_WARN_UNUSED_FUNCTION = YES;
				GCC_WARN_UNUSED_VARIABLE = YES;
				LOCALIZATION_PREFERS_STRING_CATALOGS = YES;
				MTL_ENABLE_DEBUG_INFO = INCLUDE_SOURCE;
				MTL_FAST_MATH = YES;
				ONLY_ACTIVE_ARCH = YES;
				SWIFT_ACTIVE_COMPILATION_CONDITIONS = "DEBUG $(inherited)";
				SWIFT_OPTIMIZATION_LEVEL = "-Onone";
			};
			name = Debug;
		};
		2966946B2B3DAD1D00FA6E49 /* Release */ = {
			isa = XCBuildConfiguration;
			buildSettings = {
				ALWAYS_SEARCH_USER_PATHS = NO;
				ASSETCATALOG_COMPILER_GENERATE_SWIFT_ASSET_SYMBOL_EXTENSIONS = YES;
				CLANG_ANALYZER_NONNULL = YES;
				CLANG_ANALYZER_NUMBER_OBJECT_CONVERSION = YES_AGGRESSIVE;
				CLANG_CXX_LANGUAGE_STANDARD = "gnu++20";
				CLANG_ENABLE_MODULES = YES;
				CLANG_ENABLE_OBJC_ARC = YES;
				CLANG_ENABLE_OBJC_WEAK = YES;
				CLANG_WARN_BLOCK_CAPTURE_AUTORELEASING = YES;
				CLANG_WARN_BOOL_CONVERSION = YES;
				CLANG_WARN_COMMA = YES;
				CLANG_WARN_CONSTANT_CONVERSION = YES;
				CLANG_WARN_DEPRECATED_OBJC_IMPLEMENTATIONS = YES;
				CLANG_WARN_DIRECT_OBJC_ISA_USAGE = YES_ERROR;
				CLANG_WARN_DOCUMENTATION_COMMENTS = YES;
				CLANG_WARN_EMPTY_BODY = YES;
				CLANG_WARN_ENUM_CONVERSION = YES;
				CLANG_WARN_INFINITE_RECURSION = YES;
				CLANG_WARN_INT_CONVERSION = YES;
				CLANG_WARN_NON_LITERAL_NULL_CONVERSION = YES;
				CLANG_WARN_OBJC_IMPLICIT_RETAIN_SELF = YES;
				CLANG_WARN_OBJC_LITERAL_CONVERSION = YES;
				CLANG_WARN_OBJC_ROOT_CLASS = YES_ERROR;
				CLANG_WARN_QUOTED_INCLUDE_IN_FRAMEWORK_HEADER = YES;
				CLANG_WARN_RANGE_LOOP_ANALYSIS = YES;
				CLANG_WARN_STRICT_PROTOTYPES = YES;
				CLANG_WARN_SUSPICIOUS_MOVE = YES;
				CLANG_WARN_UNGUARDED_AVAILABILITY = YES_AGGRESSIVE;
				CLANG_WARN_UNREACHABLE_CODE = YES;
				CLANG_WARN__DUPLICATE_METHOD_MATCH = YES;
				COPY_PHASE_STRIP = NO;
				DEBUG_INFORMATION_FORMAT = "dwarf-with-dsym";
				ENABLE_NS_ASSERTIONS = NO;
				ENABLE_STRICT_OBJC_MSGSEND = YES;
				ENABLE_USER_SCRIPT_SANDBOXING = YES;
				GCC_C_LANGUAGE_STANDARD = gnu17;
				GCC_NO_COMMON_BLOCKS = YES;
				GCC_WARN_64_TO_32_BIT_CONVERSION = YES;
				GCC_WARN_ABOUT_RETURN_TYPE = YES_ERROR;
				GCC_WARN_UNDECLARED_SELECTOR = YES;
				GCC_WARN_UNINITIALIZED_AUTOS = YES_AGGRESSIVE;
				GCC_WARN_UNUSED_FUNCTION = YES;
				GCC_WARN_UNUSED_VARIABLE = YES;
				LOCALIZATION_PREFERS_STRING_CATALOGS = YES;
				MTL_ENABLE_DEBUG_INFO = NO;
				MTL_FAST_MATH = YES;
				SWIFT_COMPILATION_MODE = wholemodule;
			};
			name = Release;
		};
		2966946D2B3DAD1D00FA6E49 /* Debug */ = {
			isa = XCBuildConfiguration;
			buildSettings = {
				ASSETCATALOG_COMPILER_APPICON_NAME = AppIcon;
				ASSETCATALOG_COMPILER_GLOBAL_ACCENT_COLOR_NAME = AccentColor;
				CODE_SIGN_ENTITLEMENTS = TransferMe/TransferMe.entitlements;
				CODE_SIGN_STYLE = Automatic;
				CURRENT_PROJECT_VERSION = 1;
				DEVELOPMENT_ASSET_PATHS = "\"TransferMe/Preview Content\"";
				DEVELOPMENT_TEAM = 8B9LJG5BYF;
				ENABLE_HARDENED_RUNTIME = YES;
				ENABLE_PREVIEWS = YES;
				GENERATE_INFOPLIST_FILE = YES;
				INFOPLIST_KEY_CFBundleDisplayName = TransferMe;
				"INFOPLIST_KEY_UIApplicationSceneManifest_Generation[sdk=iphoneos*]" = YES;
				"INFOPLIST_KEY_UIApplicationSceneManifest_Generation[sdk=iphonesimulator*]" = YES;
				"INFOPLIST_KEY_UIApplicationSupportsIndirectInputEvents[sdk=iphoneos*]" = YES;
				"INFOPLIST_KEY_UIApplicationSupportsIndirectInputEvents[sdk=iphonesimulator*]" = YES;
				"INFOPLIST_KEY_UILaunchScreen_Generation[sdk=iphoneos*]" = YES;
				"INFOPLIST_KEY_UILaunchScreen_Generation[sdk=iphonesimulator*]" = YES;
				"INFOPLIST_KEY_UIStatusBarStyle[sdk=iphoneos*]" = UIStatusBarStyleDefault;
				"INFOPLIST_KEY_UIStatusBarStyle[sdk=iphonesimulator*]" = UIStatusBarStyleDefault;
				INFOPLIST_KEY_UISupportedInterfaceOrientations_iPad = "UIInterfaceOrientationPortrait UIInterfaceOrientationPortraitUpsideDown UIInterfaceOrientationLandscapeLeft UIInterfaceOrientationLandscapeRight";
				INFOPLIST_KEY_UISupportedInterfaceOrientations_iPhone = "UIInterfaceOrientationPortrait UIInterfaceOrientationLandscapeLeft UIInterfaceOrientationLandscapeRight";
				IPHONEOS_DEPLOYMENT_TARGET = 14.0;
				LD_RUNPATH_SEARCH_PATHS = "@executable_path/Frameworks";
				"LD_RUNPATH_SEARCH_PATHS[sdk=macosx*]" = "@executable_path/../Frameworks";
				MACOSX_DEPLOYMENT_TARGET = 14.0;
				MARKETING_VERSION = 1.0;
				PRODUCT_BUNDLE_IDENTIFIER = jewel.TransferMe;
				PRODUCT_NAME = "$(TARGET_NAME)";
				SDKROOT = auto;
				SUPPORTED_PLATFORMS = "iphoneos iphonesimulator macosx";
				SWIFT_EMIT_LOC_STRINGS = YES;
				SWIFT_VERSION = 5.0;
				TARGETED_DEVICE_FAMILY = "1,2";
			};
			name = Debug;
		};
		2966946E2B3DAD1D00FA6E49 /* Release */ = {
			isa = XCBuildConfiguration;
			buildSettings = {
				ASSETCATALOG_COMPILER_APPICON_NAME = AppIcon;
				ASSETCATALOG_COMPILER_GLOBAL_ACCENT_COLOR_NAME = AccentColor;
				CODE_SIGN_ENTITLEMENTS = TransferMe/TransferMe.entitlements;
				CODE_SIGN_STYLE = Automatic;
				CURRENT_PROJECT_VERSION = 1;
				DEVELOPMENT_ASSET_PATHS = "\"TransferMe/Preview Content\"";
				DEVELOPMENT_TEAM = 8B9LJG5BYF;
				ENABLE_HARDENED_RUNTIME = YES;
				ENABLE_PREVIEWS = YES;
				GENERATE_INFOPLIST_FILE = YES;
				INFOPLIST_KEY_CFBundleDisplayName = TransferMe;
				"INFOPLIST_KEY_UIApplicationSceneManifest_Generation[sdk=iphoneos*]" = YES;
				"INFOPLIST_KEY_UIApplicationSceneManifest_Generation[sdk=iphonesimulator*]" = YES;
				"INFOPLIST_KEY_UIApplicationSupportsIndirectInputEvents[sdk=iphoneos*]" = YES;
				"INFOPLIST_KEY_UIApplicationSupportsIndirectInputEvents[sdk=iphonesimulator*]" = YES;
				"INFOPLIST_KEY_UILaunchScreen_Generation[sdk=iphoneos*]" = YES;
				"INFOPLIST_KEY_UILaunchScreen_Generation[sdk=iphonesimulator*]" = YES;
				"INFOPLIST_KEY_UIStatusBarStyle[sdk=iphoneos*]" = UIStatusBarStyleDefault;
				"INFOPLIST_KEY_UIStatusBarStyle[sdk=iphonesimulator*]" = UIStatusBarStyleDefault;
				INFOPLIST_KEY_UISupportedInterfaceOrientations_iPad = "UIInterfaceOrientationPortrait UIInterfaceOrientationPortraitUpsideDown UIInterfaceOrientationLandscapeLeft UIInterfaceOrientationLandscapeRight";
				INFOPLIST_KEY_UISupportedInterfaceOrientations_iPhone = "UIInterfaceOrientationPortrait UIInterfaceOrientationLandscapeLeft UIInterfaceOrientationLandscapeRight";
				IPHONEOS_DEPLOYMENT_TARGET = 14.0;
				LD_RUNPATH_SEARCH_PATHS = "@executable_path/Frameworks";
				"LD_RUNPATH_SEARCH_PATHS[sdk=macosx*]" = "@executable_path/../Frameworks";
				MACOSX_DEPLOYMENT_TARGET = 14.0;
				MARKETING_VERSION = 1.0;
				PRODUCT_BUNDLE_IDENTIFIER = jewel.TransferMe;
				PRODUCT_NAME = "$(TARGET_NAME)";
				SDKROOT = auto;
				SUPPORTED_PLATFORMS = "iphoneos iphonesimulator macosx";
				SWIFT_EMIT_LOC_STRINGS = YES;
				SWIFT_VERSION = 5.0;
				TARGETED_DEVICE_FAMILY = "1,2";
			};
			name = Release;
		};
/* End XCBuildConfiguration section */

/* Begin XCConfigurationList section */
		296694582B3DAD1C00FA6E49 /* Build configuration list for PBXProject "TransferMe" */ = {
			isa = XCConfigurationList;
			buildConfigurations = (
				2966946A2B3DAD1D00FA6E49 /* Debug */,
				2966946B2B3DAD1D00FA6E49 /* Release */,
			);
			defaultConfigurationIsVisible = 0;
			defaultConfigurationName = Release;
		};
		2966946C2B3DAD1D00FA6E49 /* Build configuration list for PBXNativeTarget "TransferMe" */ = {
			isa = XCConfigurationList;
			buildConfigurations = (
				2966946D2B3DAD1D00FA6E49 /* Debug */,
				2966946E2B3DAD1D00FA6E49 /* Release */,
			);
			defaultConfigurationIsVisible = 0;
			defaultConfigurationName = Release;
		};
/* End XCConfigurationList section */
	};
	rootObject = 296694552B3DAD1C00FA6E49 /* Project object */;
}
